
Microsoft Visual Studio Solution File, Format Version 12.00
# Visual Studio 15
Project("{FAE04EC0-301F-11D3-BF4B-00C04F79EFBC}") = "Prototype0601 量産", "Prototype0601 量産.csproj", "{B1803BB4-9B18-EF40-7D11-2B699E686945}"
EndProject
Project("{FAE04EC0-301F-11D3-BF4B-00C04F79EFBC}") = "Prototype0601 量産.Plugins", "Prototype0601 量産.Plugins.csproj", "{1580EEAA-DC85-4636-0BBB-0BD822C4D798}"
EndProject
Project("{FAE04EC0-301F-11D3-BF4B-00C04F79EFBC}") = "Prototype0601 量産.Editor.Plugins", "Prototype0601 量産.Editor.Plugins.csproj", "{AE48FD44-8989-1859-6BA1-D998BD263768}"
EndProject
Project("{FAE04EC0-301F-11D3-BF4B-00C04F79EFBC}") = "Prototype0601 量産.Editor", "Prototype0601 量産.Editor.csproj", "{A5CD9AA2-D6EC-7B70-A286-58377C3A3BB1}"
EndProject
Global
	GlobalSection(SolutionConfigurationPlatforms) = preSolution
		Debug|Any CPU = Debug|Any CPU
		Release|Any CPU = Release|Any CPU
	EndGlobalSection
	GlobalSection(ProjectConfigurationPlatforms) = postSolution
		{B1803BB4-9B18-EF40-7D11-2B699E686945}.Debug|Any CPU.ActiveCfg = Debug|Any CPU
		{B1803BB4-9B18-EF40-7D11-2B699E686945}.Debug|Any CPU.Build.0 = Debug|Any CPU
		{B1803BB4-9B18-EF40-7D11-2B699E686945}.Release|Any CPU.ActiveCfg = Release|Any CPU
		{B1803BB4-9B18-EF40-7D11-2B699E686945}.Release|Any CPU.Build.0 = Release|Any CPU
		{1580EEAA-DC85-4636-0BBB-0BD822C4D798}.Debug|Any CPU.ActiveCfg = Debug|Any CPU
		{1580EEAA-DC85-4636-0BBB-0BD822C4D798}.Debug|Any CPU.Build.0 = Debug|Any CPU
		{1580EEAA-DC85-4636-0BBB-0BD822C4D798}.Release|Any CPU.ActiveCfg = Release|Any CPU
		{1580EEAA-DC85-4636-0BBB-0BD822C4D798}.Release|Any CPU.Build.0 = Release|Any CPU
		{AE48FD44-8989-1859-6BA1-D998BD263768}.Debug|Any CPU.ActiveCfg = Debug|Any CPU
		{AE48FD44-8989-1859-6BA1-D998BD263768}.Debug|Any CPU.Build.0 = Debug|Any CPU
		{AE48FD44-8989-1859-6BA1-D998BD263768}.Release|Any CPU.ActiveCfg = Release|Any CPU
		{AE48FD44-8989-1859-6BA1-D998BD263768}.Release|Any CPU.Build.0 = Release|Any CPU
		{A5CD9AA2-D6EC-7B70-A286-58377C3A3BB1}.Debug|Any CPU.ActiveCfg = Debug|Any CPU
		{A5CD9AA2-D6EC-7B70-A286-58377C3A3BB1}.Debug|Any CPU.Build.0 = Debug|Any CPU
		{A5CD9AA2-D6EC-7B70-A286-58377C3A3BB1}.Release|Any CPU.ActiveCfg = Release|Any CPU
		{A5CD9AA2-D6EC-7B70-A286-58377C3A3BB1}.Release|Any CPU.Build.0 = Release|Any CPU
	EndGlobalSection
	GlobalSection(SolutionProperties) = preSolution
		HideSolutionNode = FALSE
	EndGlobalSection
EndGlobal
