
Microsoft Visual Studio Solution File, Format Version 12.00
# Visual Studio 15
Project("{FAE04EC0-301F-11D3-BF4B-00C04F79EFBC}") = "Prototype0523", "Prototype0523.csproj", "{6386CDF6-24CF-5558-1F57-6001E38E7A03}"
EndProject
Project("{FAE04EC0-301F-11D3-BF4B-00C04F79EFBC}") = "Prototype0523.Plugins", "Prototype0523.Plugins.csproj", "{99812B40-D661-36CA-D88F-2C2279F1C753}"
EndProject
Project("{FAE04EC0-301F-11D3-BF4B-00C04F79EFBC}") = "Prototype0523.Editor.Plugins", "Prototype0523.Editor.Plugins.csproj", "{07CF07F0-3989-75FD-EFAE-B6AE21F85A1C}"
EndProject
Project("{FAE04EC0-301F-11D3-BF4B-00C04F79EFBC}") = "Prototype0523.Editor", "Prototype0523.Editor.csproj", "{8D895F44-8438-0765-248F-21E8EDF5519D}"
EndProject
Global
	GlobalSection(SolutionConfigurationPlatforms) = preSolution
		Debug|Any CPU = Debug|Any CPU
		Release|Any CPU = Release|Any CPU
	EndGlobalSection
	GlobalSection(ProjectConfigurationPlatforms) = postSolution
		{6386CDF6-24CF-5558-1F57-6001E38E7A03}.Debug|Any CPU.ActiveCfg = Debug|Any CPU
		{6386CDF6-24CF-5558-1F57-6001E38E7A03}.Debug|Any CPU.Build.0 = Debug|Any CPU
		{6386CDF6-24CF-5558-1F57-6001E38E7A03}.Release|Any CPU.ActiveCfg = Release|Any CPU
		{6386CDF6-24CF-5558-1F57-6001E38E7A03}.Release|Any CPU.Build.0 = Release|Any CPU
		{99812B40-D661-36CA-D88F-2C2279F1C753}.Debug|Any CPU.ActiveCfg = Debug|Any CPU
		{99812B40-D661-36CA-D88F-2C2279F1C753}.Debug|Any CPU.Build.0 = Debug|Any CPU
		{99812B40-D661-36CA-D88F-2C2279F1C753}.Release|Any CPU.ActiveCfg = Release|Any CPU
		{99812B40-D661-36CA-D88F-2C2279F1C753}.Release|Any CPU.Build.0 = Release|Any CPU
		{07CF07F0-3989-75FD-EFAE-B6AE21F85A1C}.Debug|Any CPU.ActiveCfg = Debug|Any CPU
		{07CF07F0-3989-75FD-EFAE-B6AE21F85A1C}.Debug|Any CPU.Build.0 = Debug|Any CPU
		{07CF07F0-3989-75FD-EFAE-B6AE21F85A1C}.Release|Any CPU.ActiveCfg = Release|Any CPU
		{07CF07F0-3989-75FD-EFAE-B6AE21F85A1C}.Release|Any CPU.Build.0 = Release|Any CPU
		{8D895F44-8438-0765-248F-21E8EDF5519D}.Debug|Any CPU.ActiveCfg = Debug|Any CPU
		{8D895F44-8438-0765-248F-21E8EDF5519D}.Debug|Any CPU.Build.0 = Debug|Any CPU
		{8D895F44-8438-0765-248F-21E8EDF5519D}.Release|Any CPU.ActiveCfg = Release|Any CPU
		{8D895F44-8438-0765-248F-21E8EDF5519D}.Release|Any CPU.Build.0 = Release|Any CPU
	EndGlobalSection
	GlobalSection(SolutionProperties) = preSolution
		HideSolutionNode = FALSE
	EndGlobalSection
EndGlobal
