
Microsoft Visual Studio Solution File, Format Version 12.00
# Visual Studio 15
Project("{FAE04EC0-301F-11D3-BF4B-00C04F79EFBC}") = "Prototype0530 人形残すver2", "Prototype0530 人形残すver2.csproj", "{20DCEEF3-33B6-4074-15F4-D33B7DB4143F}"
EndProject
Project("{FAE04EC0-301F-11D3-BF4B-00C04F79EFBC}") = "Prototype0530 人形残すver2.Plugins", "Prototype0530 人形残すver2.Plugins.csproj", "{0069F606-8119-6001-04B9-FDF22705CCC8}"
EndProject
Project("{FAE04EC0-301F-11D3-BF4B-00C04F79EFBC}") = "Prototype0530 人形残すver2.Editor.Plugins", "Prototype0530 人形残すver2.Editor.Plugins.csproj", "{E0DB8C9F-6444-CC42-A222-A20F65B2C1F8}"
EndProject
Project("{FAE04EC0-301F-11D3-BF4B-00C04F79EFBC}") = "Prototype0530 人形残すver2.Editor", "Prototype0530 人形残すver2.Editor.csproj", "{269A59CC-E198-E19E-DD89-B9B56699A7F1}"
EndProject
Global
	GlobalSection(SolutionConfigurationPlatforms) = preSolution
		Debug|Any CPU = Debug|Any CPU
		Release|Any CPU = Release|Any CPU
	EndGlobalSection
	GlobalSection(ProjectConfigurationPlatforms) = postSolution
		{20DCEEF3-33B6-4074-15F4-D33B7DB4143F}.Debug|Any CPU.ActiveCfg = Debug|Any CPU
		{20DCEEF3-33B6-4074-15F4-D33B7DB4143F}.Debug|Any CPU.Build.0 = Debug|Any CPU
		{20DCEEF3-33B6-4074-15F4-D33B7DB4143F}.Release|Any CPU.ActiveCfg = Release|Any CPU
		{20DCEEF3-33B6-4074-15F4-D33B7DB4143F}.Release|Any CPU.Build.0 = Release|Any CPU
		{0069F606-8119-6001-04B9-FDF22705CCC8}.Debug|Any CPU.ActiveCfg = Debug|Any CPU
		{0069F606-8119-6001-04B9-FDF22705CCC8}.Debug|Any CPU.Build.0 = Debug|Any CPU
		{0069F606-8119-6001-04B9-FDF22705CCC8}.Release|Any CPU.ActiveCfg = Release|Any CPU
		{0069F606-8119-6001-04B9-FDF22705CCC8}.Release|Any CPU.Build.0 = Release|Any CPU
		{E0DB8C9F-6444-CC42-A222-A20F65B2C1F8}.Debug|Any CPU.ActiveCfg = Debug|Any CPU
		{E0DB8C9F-6444-CC42-A222-A20F65B2C1F8}.Debug|Any CPU.Build.0 = Debug|Any CPU
		{E0DB8C9F-6444-CC42-A222-A20F65B2C1F8}.Release|Any CPU.ActiveCfg = Release|Any CPU
		{E0DB8C9F-6444-CC42-A222-A20F65B2C1F8}.Release|Any CPU.Build.0 = Release|Any CPU
		{269A59CC-E198-E19E-DD89-B9B56699A7F1}.Debug|Any CPU.ActiveCfg = Debug|Any CPU
		{269A59CC-E198-E19E-DD89-B9B56699A7F1}.Debug|Any CPU.Build.0 = Debug|Any CPU
		{269A59CC-E198-E19E-DD89-B9B56699A7F1}.Release|Any CPU.ActiveCfg = Release|Any CPU
		{269A59CC-E198-E19E-DD89-B9B56699A7F1}.Release|Any CPU.Build.0 = Release|Any CPU
	EndGlobalSection
	GlobalSection(SolutionProperties) = preSolution
		HideSolutionNode = FALSE
	EndGlobalSection
EndGlobal
